
Microsoft Visual Studio Solution File, Format Version 12.00
# Visual Studio Version 17
VisualStudioVersion = 17.2.32630.192
MinimumVisualStudioVersion = 10.0.40219.1
Project("{9A19103F-16F7-4668-BE54-9A1E7A4F7556}") = "R5T.T0209.Construction", "R5T.T0209.Construction\R5T.T0209.Construction.csproj", "{60BCB14C-B0AC-4B1A-BE26-904EEEBC6337}"
EndProject
Project("{9A19103F-16F7-4668-BE54-9A1E7A4F7556}") = "R5T.T0209", "R5T.T0209\R5T.T0209.csproj", "{76C69D73-4F57-465D-8A35-221309D766C7}"
EndProject
Project("{2150E333-8FDC-42A3-9474-1A3956D46DE8}") = "_Dependencies", "_Dependencies", "{8A4683CA-012C-41D9-B8ED-061C8503DD98}"
EndProject
Project("{9A19103F-16F7-4668-BE54-9A1E7A4F7556}") = "R5T.F0000", "..\..\R5T.F0000\source\R5T.F0000\R5T.F0000.csproj", "{5EF51BDF-4221-4A4B-AE9C-9F1FF51F7E93}"
EndProject
Project("{9A19103F-16F7-4668-BE54-9A1E7A4F7556}") = "R5T.F0002", "..\..\R5T.F0002\source\R5T.F0002\R5T.F0002.csproj", "{9DD823CF-C7DB-40CC-9C62-F73A2EA79781}"
EndProject
Project("{9A19103F-16F7-4668-BE54-9A1E7A4F7556}") = "R5T.F0120", "..\..\R5T.F0120\source\R5T.F0120\R5T.F0120.csproj", "{CA0B2458-7E6A-4FA1-B472-680D6B420642}"
EndProject
Project("{9A19103F-16F7-4668-BE54-9A1E7A4F7556}") = "R5T.F0124", "..\..\R5T.F0124\source\R5T.F0124\R5T.F0124.csproj", "{380E7113-38A0-4FFA-8BB1-581154637485}"
EndProject
Project("{9A19103F-16F7-4668-BE54-9A1E7A4F7556}") = "R5T.L0030.T000", "..\..\R5T.L0030\source\R5T.L0030.T000\R5T.L0030.T000.csproj", "{75570B94-A443-4322-9C8B-8FEF3136D79B}"
EndProject
Project("{9A19103F-16F7-4668-BE54-9A1E7A4F7556}") = "R5T.L0030", "..\..\R5T.L0030\source\R5T.L0030\R5T.L0030.csproj", "{106C9A50-68D2-4989-9C92-AE07146B3225}"
EndProject
Project("{9A19103F-16F7-4668-BE54-9A1E7A4F7556}") = "R5T.L0034", "..\..\R5T.L0034\source\R5T.L0034\R5T.L0034.csproj", "{1AC8964A-26C0-44BD-BB10-FDF1BF250AAE}"
EndProject
Project("{9A19103F-16F7-4668-BE54-9A1E7A4F7556}") = "R5T.NG0022", "..\..\R5T.NG0022\source\R5T.NG0022\R5T.NG0022.csproj", "{78F9EAAC-3B1C-4D18-BEAF-965F7E17BF7C}"
EndProject
Project("{9A19103F-16F7-4668-BE54-9A1E7A4F7556}") = "R5T.T0131", "..\..\R5T.T0131\source\R5T.T0131\R5T.T0131.csproj", "{EC21C6DD-A92F-4E64-8629-16D9E6BEF694}"
EndProject
Project("{9A19103F-16F7-4668-BE54-9A1E7A4F7556}") = "R5T.T0132", "..\..\R5T.T0132\source\R5T.T0132\R5T.T0132.csproj", "{71DB085C-9E1F-4B40-B341-766DC3C0A789}"
EndProject
Project("{9A19103F-16F7-4668-BE54-9A1E7A4F7556}") = "R5T.T0142", "..\..\R5T.T0142\source\R5T.T0142\R5T.T0142.csproj", "{A2985DBC-ADBB-4DC8-9474-4A4D0F34B73F}"
EndProject
Project("{9A19103F-16F7-4668-BE54-9A1E7A4F7556}") = "R5T.T0143", "..\..\R5T.T0143\source\R5T.T0143\R5T.T0143.csproj", "{CC758490-E528-4CEE-A336-899EFDAE98B2}"
EndProject
Project("{9A19103F-16F7-4668-BE54-9A1E7A4F7556}") = "R5T.T0156", "..\..\R5T.T0156\source\R5T.T0156\R5T.T0156.csproj", "{B6407E18-EDF1-434C-8006-AFAAA3567F67}"
EndProject
Project("{9A19103F-16F7-4668-BE54-9A1E7A4F7556}") = "R5T.T0174", "..\..\R5T.T0174\source\R5T.T0174\R5T.T0174.csproj", "{D84CF2A0-14AD-4564-8025-F51A6B0BE62F}"
EndProject
Project("{9A19103F-16F7-4668-BE54-9A1E7A4F7556}") = "R5T.T0176", "..\..\R5T.T0176\source\R5T.T0176\R5T.T0176.csproj", "{29D67BC4-7252-45CB-A773-CF86A9AD27AA}"
EndProject
Project("{9A19103F-16F7-4668-BE54-9A1E7A4F7556}") = "R5T.T0177", "..\..\R5T.T0177\source\R5T.T0177\R5T.T0177.csproj", "{3E359338-A88C-40D7-879E-A28B3EA9031E}"
EndProject
Project("{9A19103F-16F7-4668-BE54-9A1E7A4F7556}") = "R5T.T0178", "..\..\R5T.T0178\source\R5T.T0178\R5T.T0178.csproj", "{FD66DAB5-5929-454B-A3CF-95060CD100A7}"
EndProject
Project("{9A19103F-16F7-4668-BE54-9A1E7A4F7556}") = "R5T.T0179", "..\..\R5T.T0179\source\R5T.T0179\R5T.T0179.csproj", "{1AB537C7-991A-4749-8E3D-F2B514F76E32}"
EndProject
Project("{9A19103F-16F7-4668-BE54-9A1E7A4F7556}") = "R5T.T0180", "..\..\R5T.T0180\source\R5T.T0180\R5T.T0180.csproj", "{E0C2CD5D-3D55-45E2-B2DB-7ADF549AB3F6}"
EndProject
Project("{9A19103F-16F7-4668-BE54-9A1E7A4F7556}") = "R5T.T0181", "..\..\R5T.T0181\source\R5T.T0181\R5T.T0181.csproj", "{8ED4C29D-D674-4F2C-B0E4-1E9126005ED1}"
EndProject
Project("{9A19103F-16F7-4668-BE54-9A1E7A4F7556}") = "R5T.T0185", "..\..\R5T.T0185\source\R5T.T0185\R5T.T0185.csproj", "{5F132F04-9244-44B4-AB97-BDD4D31E15DA}"
EndProject
Project("{9A19103F-16F7-4668-BE54-9A1E7A4F7556}") = "R5T.T0203", "..\..\R5T.T0203\source\R5T.T0203\R5T.T0203.csproj", "{AB5DA7F1-C688-4DFB-8C70-5B8DDD20B7FF}"
EndProject
Project("{9A19103F-16F7-4668-BE54-9A1E7A4F7556}") = "R5T.Y0000", "..\..\R5T.Y0000\source\R5T.Y0000\R5T.Y0000.csproj", "{1E450F0D-6E0D-4CE6-A63D-B9D24ED2E786}"
EndProject
Project("{9A19103F-16F7-4668-BE54-9A1E7A4F7556}") = "R5T.Z0000", "..\..\R5T.Z0000\source\R5T.Z0000\R5T.Z0000.csproj", "{A1E04F24-4BB9-48C3-97C8-0D6D69A36E03}"
EndProject
Global
	GlobalSection(NestedProjects) = preSolution
		{5EF51BDF-4221-4A4B-AE9C-9F1FF51F7E93} = {8A4683CA-012C-41D9-B8ED-061C8503DD98}
		{9DD823CF-C7DB-40CC-9C62-F73A2EA79781} = {8A4683CA-012C-41D9-B8ED-061C8503DD98}
		{CA0B2458-7E6A-4FA1-B472-680D6B420642} = {8A4683CA-012C-41D9-B8ED-061C8503DD98}
		{380E7113-38A0-4FFA-8BB1-581154637485} = {8A4683CA-012C-41D9-B8ED-061C8503DD98}
		{75570B94-A443-4322-9C8B-8FEF3136D79B} = {8A4683CA-012C-41D9-B8ED-061C8503DD98}
		{106C9A50-68D2-4989-9C92-AE07146B3225} = {8A4683CA-012C-41D9-B8ED-061C8503DD98}
		{1AC8964A-26C0-44BD-BB10-FDF1BF250AAE} = {8A4683CA-012C-41D9-B8ED-061C8503DD98}
		{78F9EAAC-3B1C-4D18-BEAF-965F7E17BF7C} = {8A4683CA-012C-41D9-B8ED-061C8503DD98}
		{EC21C6DD-A92F-4E64-8629-16D9E6BEF694} = {8A4683CA-012C-41D9-B8ED-061C8503DD98}
		{71DB085C-9E1F-4B40-B341-766DC3C0A789} = {8A4683CA-012C-41D9-B8ED-061C8503DD98}
		{A2985DBC-ADBB-4DC8-9474-4A4D0F34B73F} = {8A4683CA-012C-41D9-B8ED-061C8503DD98}
		{CC758490-E528-4CEE-A336-899EFDAE98B2} = {8A4683CA-012C-41D9-B8ED-061C8503DD98}
		{B6407E18-EDF1-434C-8006-AFAAA3567F67} = {8A4683CA-012C-41D9-B8ED-061C8503DD98}
		{D84CF2A0-14AD-4564-8025-F51A6B0BE62F} = {8A4683CA-012C-41D9-B8ED-061C8503DD98}
		{29D67BC4-7252-45CB-A773-CF86A9AD27AA} = {8A4683CA-012C-41D9-B8ED-061C8503DD98}
		{3E359338-A88C-40D7-879E-A28B3EA9031E} = {8A4683CA-012C-41D9-B8ED-061C8503DD98}
		{FD66DAB5-5929-454B-A3CF-95060CD100A7} = {8A4683CA-012C-41D9-B8ED-061C8503DD98}
		{1AB537C7-991A-4749-8E3D-F2B514F76E32} = {8A4683CA-012C-41D9-B8ED-061C8503DD98}
		{E0C2CD5D-3D55-45E2-B2DB-7ADF549AB3F6} = {8A4683CA-012C-41D9-B8ED-061C8503DD98}
		{8ED4C29D-D674-4F2C-B0E4-1E9126005ED1} = {8A4683CA-012C-41D9-B8ED-061C8503DD98}
		{5F132F04-9244-44B4-AB97-BDD4D31E15DA} = {8A4683CA-012C-41D9-B8ED-061C8503DD98}
		{AB5DA7F1-C688-4DFB-8C70-5B8DDD20B7FF} = {8A4683CA-012C-41D9-B8ED-061C8503DD98}
		{1E450F0D-6E0D-4CE6-A63D-B9D24ED2E786} = {8A4683CA-012C-41D9-B8ED-061C8503DD98}
		{A1E04F24-4BB9-48C3-97C8-0D6D69A36E03} = {8A4683CA-012C-41D9-B8ED-061C8503DD98}
	EndGlobalSection
	GlobalSection(SolutionConfigurationPlatforms) = preSolution
		Debug|Any CPU = Debug|Any CPU
		Release|Any CPU = Release|Any CPU
	EndGlobalSection
	GlobalSection(ProjectConfigurationPlatforms) = postSolution
		{60BCB14C-B0AC-4B1A-BE26-904EEEBC6337}.Debug|Any CPU.ActiveCfg = Debug|Any CPU
		{60BCB14C-B0AC-4B1A-BE26-904EEEBC6337}.Debug|Any CPU.Build.0 = Debug|Any CPU
		{60BCB14C-B0AC-4B1A-BE26-904EEEBC6337}.Release|Any CPU.ActiveCfg = Release|Any CPU
		{60BCB14C-B0AC-4B1A-BE26-904EEEBC6337}.Release|Any CPU.Build.0 = Release|Any CPU
		{76C69D73-4F57-465D-8A35-221309D766C7}.Debug|Any CPU.ActiveCfg = Debug|Any CPU
		{76C69D73-4F57-465D-8A35-221309D766C7}.Debug|Any CPU.Build.0 = Debug|Any CPU
		{76C69D73-4F57-465D-8A35-221309D766C7}.Release|Any CPU.ActiveCfg = Release|Any CPU
		{76C69D73-4F57-465D-8A35-221309D766C7}.Release|Any CPU.Build.0 = Release|Any CPU
		{5EF51BDF-4221-4A4B-AE9C-9F1FF51F7E93}.Debug|Any CPU.ActiveCfg = Debug|Any CPU
		{5EF51BDF-4221-4A4B-AE9C-9F1FF51F7E93}.Debug|Any CPU.Build.0 = Debug|Any CPU
		{5EF51BDF-4221-4A4B-AE9C-9F1FF51F7E93}.Release|Any CPU.ActiveCfg = Release|Any CPU
		{5EF51BDF-4221-4A4B-AE9C-9F1FF51F7E93}.Release|Any CPU.Build.0 = Release|Any CPU
		{9DD823CF-C7DB-40CC-9C62-F73A2EA79781}.Debug|Any CPU.ActiveCfg = Debug|Any CPU
		{9DD823CF-C7DB-40CC-9C62-F73A2EA79781}.Debug|Any CPU.Build.0 = Debug|Any CPU
		{9DD823CF-C7DB-40CC-9C62-F73A2EA79781}.Release|Any CPU.ActiveCfg = Release|Any CPU
		{9DD823CF-C7DB-40CC-9C62-F73A2EA79781}.Release|Any CPU.Build.0 = Release|Any CPU
		{CA0B2458-7E6A-4FA1-B472-680D6B420642}.Debug|Any CPU.ActiveCfg = Debug|Any CPU
		{CA0B2458-7E6A-4FA1-B472-680D6B420642}.Debug|Any CPU.Build.0 = Debug|Any CPU
		{CA0B2458-7E6A-4FA1-B472-680D6B420642}.Release|Any CPU.ActiveCfg = Release|Any CPU
		{CA0B2458-7E6A-4FA1-B472-680D6B420642}.Release|Any CPU.Build.0 = Release|Any CPU
		{380E7113-38A0-4FFA-8BB1-581154637485}.Debug|Any CPU.ActiveCfg = Debug|Any CPU
		{380E7113-38A0-4FFA-8BB1-581154637485}.Debug|Any CPU.Build.0 = Debug|Any CPU
		{380E7113-38A0-4FFA-8BB1-581154637485}.Release|Any CPU.ActiveCfg = Release|Any CPU
		{380E7113-38A0-4FFA-8BB1-581154637485}.Release|Any CPU.Build.0 = Release|Any CPU
		{75570B94-A443-4322-9C8B-8FEF3136D79B}.Debug|Any CPU.ActiveCfg = Debug|Any CPU
		{75570B94-A443-4322-9C8B-8FEF3136D79B}.Debug|Any CPU.Build.0 = Debug|Any CPU
		{75570B94-A443-4322-9C8B-8FEF3136D79B}.Release|Any CPU.ActiveCfg = Release|Any CPU
		{75570B94-A443-4322-9C8B-8FEF3136D79B}.Release|Any CPU.Build.0 = Release|Any CPU
		{106C9A50-68D2-4989-9C92-AE07146B3225}.Debug|Any CPU.ActiveCfg = Debug|Any CPU
		{106C9A50-68D2-4989-9C92-AE07146B3225}.Debug|Any CPU.Build.0 = Debug|Any CPU
		{106C9A50-68D2-4989-9C92-AE07146B3225}.Release|Any CPU.ActiveCfg = Release|Any CPU
		{106C9A50-68D2-4989-9C92-AE07146B3225}.Release|Any CPU.Build.0 = Release|Any CPU
		{1AC8964A-26C0-44BD-BB10-FDF1BF250AAE}.Debug|Any CPU.ActiveCfg = Debug|Any CPU
		{1AC8964A-26C0-44BD-BB10-FDF1BF250AAE}.Debug|Any CPU.Build.0 = Debug|Any CPU
		{1AC8964A-26C0-44BD-BB10-FDF1BF250AAE}.Release|Any CPU.ActiveCfg = Release|Any CPU
		{1AC8964A-26C0-44BD-BB10-FDF1BF250AAE}.Release|Any CPU.Build.0 = Release|Any CPU
		{78F9EAAC-3B1C-4D18-BEAF-965F7E17BF7C}.Debug|Any CPU.ActiveCfg = Debug|Any CPU
		{78F9EAAC-3B1C-4D18-BEAF-965F7E17BF7C}.Debug|Any CPU.Build.0 = Debug|Any CPU
		{78F9EAAC-3B1C-4D18-BEAF-965F7E17BF7C}.Release|Any CPU.ActiveCfg = Release|Any CPU
		{78F9EAAC-3B1C-4D18-BEAF-965F7E17BF7C}.Release|Any CPU.Build.0 = Release|Any CPU
		{EC21C6DD-A92F-4E64-8629-16D9E6BEF694}.Debug|Any CPU.ActiveCfg = Debug|Any CPU
		{EC21C6DD-A92F-4E64-8629-16D9E6BEF694}.Debug|Any CPU.Build.0 = Debug|Any CPU
		{EC21C6DD-A92F-4E64-8629-16D9E6BEF694}.Release|Any CPU.ActiveCfg = Release|Any CPU
		{EC21C6DD-A92F-4E64-8629-16D9E6BEF694}.Release|Any CPU.Build.0 = Release|Any CPU
		{71DB085C-9E1F-4B40-B341-766DC3C0A789}.Debug|Any CPU.ActiveCfg = Debug|Any CPU
		{71DB085C-9E1F-4B40-B341-766DC3C0A789}.Debug|Any CPU.Build.0 = Debug|Any CPU
		{71DB085C-9E1F-4B40-B341-766DC3C0A789}.Release|Any CPU.ActiveCfg = Release|Any CPU
		{71DB085C-9E1F-4B40-B341-766DC3C0A789}.Release|Any CPU.Build.0 = Release|Any CPU
		{A2985DBC-ADBB-4DC8-9474-4A4D0F34B73F}.Debug|Any CPU.ActiveCfg = Debug|Any CPU
		{A2985DBC-ADBB-4DC8-9474-4A4D0F34B73F}.Debug|Any CPU.Build.0 = Debug|Any CPU
		{A2985DBC-ADBB-4DC8-9474-4A4D0F34B73F}.Release|Any CPU.ActiveCfg = Release|Any CPU
		{A2985DBC-ADBB-4DC8-9474-4A4D0F34B73F}.Release|Any CPU.Build.0 = Release|Any CPU
		{CC758490-E528-4CEE-A336-899EFDAE98B2}.Debug|Any CPU.ActiveCfg = Debug|Any CPU
		{CC758490-E528-4CEE-A336-899EFDAE98B2}.Debug|Any CPU.Build.0 = Debug|Any CPU
		{CC758490-E528-4CEE-A336-899EFDAE98B2}.Release|Any CPU.ActiveCfg = Release|Any CPU
		{CC758490-E528-4CEE-A336-899EFDAE98B2}.Release|Any CPU.Build.0 = Release|Any CPU
		{B6407E18-EDF1-434C-8006-AFAAA3567F67}.Debug|Any CPU.ActiveCfg = Debug|Any CPU
		{B6407E18-EDF1-434C-8006-AFAAA3567F67}.Debug|Any CPU.Build.0 = Debug|Any CPU
		{B6407E18-EDF1-434C-8006-AFAAA3567F67}.Release|Any CPU.ActiveCfg = Release|Any CPU
		{B6407E18-EDF1-434C-8006-AFAAA3567F67}.Release|Any CPU.Build.0 = Release|Any CPU
		{D84CF2A0-14AD-4564-8025-F51A6B0BE62F}.Debug|Any CPU.ActiveCfg = Debug|Any CPU
		{D84CF2A0-14AD-4564-8025-F51A6B0BE62F}.Debug|Any CPU.Build.0 = Debug|Any CPU
		{D84CF2A0-14AD-4564-8025-F51A6B0BE62F}.Release|Any CPU.ActiveCfg = Release|Any CPU
		{D84CF2A0-14AD-4564-8025-F51A6B0BE62F}.Release|Any CPU.Build.0 = Release|Any CPU
		{29D67BC4-7252-45CB-A773-CF86A9AD27AA}.Debug|Any CPU.ActiveCfg = Debug|Any CPU
		{29D67BC4-7252-45CB-A773-CF86A9AD27AA}.Debug|Any CPU.Build.0 = Debug|Any CPU
		{29D67BC4-7252-45CB-A773-CF86A9AD27AA}.Release|Any CPU.ActiveCfg = Release|Any CPU
		{29D67BC4-7252-45CB-A773-CF86A9AD27AA}.Release|Any CPU.Build.0 = Release|Any CPU
		{3E359338-A88C-40D7-879E-A28B3EA9031E}.Debug|Any CPU.ActiveCfg = Debug|Any CPU
		{3E359338-A88C-40D7-879E-A28B3EA9031E}.Debug|Any CPU.Build.0 = Debug|Any CPU
		{3E359338-A88C-40D7-879E-A28B3EA9031E}.Release|Any CPU.ActiveCfg = Release|Any CPU
		{3E359338-A88C-40D7-879E-A28B3EA9031E}.Release|Any CPU.Build.0 = Release|Any CPU
		{FD66DAB5-5929-454B-A3CF-95060CD100A7}.Debug|Any CPU.ActiveCfg = Debug|Any CPU
		{FD66DAB5-5929-454B-A3CF-95060CD100A7}.Debug|Any CPU.Build.0 = Debug|Any CPU
		{FD66DAB5-5929-454B-A3CF-95060CD100A7}.Release|Any CPU.ActiveCfg = Release|Any CPU
		{FD66DAB5-5929-454B-A3CF-95060CD100A7}.Release|Any CPU.Build.0 = Release|Any CPU
		{1AB537C7-991A-4749-8E3D-F2B514F76E32}.Debug|Any CPU.ActiveCfg = Debug|Any CPU
		{1AB537C7-991A-4749-8E3D-F2B514F76E32}.Debug|Any CPU.Build.0 = Debug|Any CPU
		{1AB537C7-991A-4749-8E3D-F2B514F76E32}.Release|Any CPU.ActiveCfg = Release|Any CPU
		{1AB537C7-991A-4749-8E3D-F2B514F76E32}.Release|Any CPU.Build.0 = Release|Any CPU
		{E0C2CD5D-3D55-45E2-B2DB-7ADF549AB3F6}.Debug|Any CPU.ActiveCfg = Debug|Any CPU
		{E0C2CD5D-3D55-45E2-B2DB-7ADF549AB3F6}.Debug|Any CPU.Build.0 = Debug|Any CPU
		{E0C2CD5D-3D55-45E2-B2DB-7ADF549AB3F6}.Release|Any CPU.ActiveCfg = Release|Any CPU
		{E0C2CD5D-3D55-45E2-B2DB-7ADF549AB3F6}.Release|Any CPU.Build.0 = Release|Any CPU
		{8ED4C29D-D674-4F2C-B0E4-1E9126005ED1}.Debug|Any CPU.ActiveCfg = Debug|Any CPU
		{8ED4C29D-D674-4F2C-B0E4-1E9126005ED1}.Debug|Any CPU.Build.0 = Debug|Any CPU
		{8ED4C29D-D674-4F2C-B0E4-1E9126005ED1}.Release|Any CPU.ActiveCfg = Release|Any CPU
		{8ED4C29D-D674-4F2C-B0E4-1E9126005ED1}.Release|Any CPU.Build.0 = Release|Any CPU
		{5F132F04-9244-44B4-AB97-BDD4D31E15DA}.Debug|Any CPU.ActiveCfg = Debug|Any CPU
		{5F132F04-9244-44B4-AB97-BDD4D31E15DA}.Debug|Any CPU.Build.0 = Debug|Any CPU
		{5F132F04-9244-44B4-AB97-BDD4D31E15DA}.Release|Any CPU.ActiveCfg = Release|Any CPU
		{5F132F04-9244-44B4-AB97-BDD4D31E15DA}.Release|Any CPU.Build.0 = Release|Any CPU
		{AB5DA7F1-C688-4DFB-8C70-5B8DDD20B7FF}.Debug|Any CPU.ActiveCfg = Debug|Any CPU
		{AB5DA7F1-C688-4DFB-8C70-5B8DDD20B7FF}.Debug|Any CPU.Build.0 = Debug|Any CPU
		{AB5DA7F1-C688-4DFB-8C70-5B8DDD20B7FF}.Release|Any CPU.ActiveCfg = Release|Any CPU
		{AB5DA7F1-C688-4DFB-8C70-5B8DDD20B7FF}.Release|Any CPU.Build.0 = Release|Any CPU
		{1E450F0D-6E0D-4CE6-A63D-B9D24ED2E786}.Debug|Any CPU.ActiveCfg = Debug|Any CPU
		{1E450F0D-6E0D-4CE6-A63D-B9D24ED2E786}.Debug|Any CPU.Build.0 = Debug|Any CPU
		{1E450F0D-6E0D-4CE6-A63D-B9D24ED2E786}.Release|Any CPU.ActiveCfg = Release|Any CPU
		{1E450F0D-6E0D-4CE6-A63D-B9D24ED2E786}.Release|Any CPU.Build.0 = Release|Any CPU
		{A1E04F24-4BB9-48C3-97C8-0D6D69A36E03}.Debug|Any CPU.ActiveCfg = Debug|Any CPU
		{A1E04F24-4BB9-48C3-97C8-0D6D69A36E03}.Debug|Any CPU.Build.0 = Debug|Any CPU
		{A1E04F24-4BB9-48C3-97C8-0D6D69A36E03}.Release|Any CPU.ActiveCfg = Release|Any CPU
		{A1E04F24-4BB9-48C3-97C8-0D6D69A36E03}.Release|Any CPU.Build.0 = Release|Any CPU
	EndGlobalSection
	GlobalSection(SolutionProperties) = preSolution
		HideSolutionNode = FALSE
	EndGlobalSection
	GlobalSection(ExtensibilityGlobals) = postSolution
		SolutionGuid = {D0F42A7D-0739-4603-98D0-AD08092ACC95}
	EndGlobalSection
EndGlobal
